
Microsoft Visual Studio Solution File, Format Version 12.00
# Visual Studio Version 17
VisualStudioVersion = 17.13.35913.81 d17.13
MinimumVisualStudioVersion = 10.0.40219.1
Project("{FAE04EC0-301F-11D3-BF4B-00C04F79EFBC}") = "MinuKonspekt", "MinuKonspekt\MinuKonspekt.csproj", "{7246620E-4A51-4D1B-9EBC-98B93C8CC757}"
EndProject
Global
	GlobalSection(SolutionConfigurationPlatforms) = preSolution
		Debug|Any CPU = Debug|Any CPU
		Release|Any CPU = Release|Any CPU
	EndGlobalSection
	GlobalSection(ProjectConfigurationPlatforms) = postSolution
		{7246620E-4A51-4D1B-9EBC-98B93C8CC757}.Debug|Any CPU.ActiveCfg = Debug|Any CPU
		{7246620E-4A51-4D1B-9EBC-98B93C8CC757}.Debug|Any CPU.Build.0 = Debug|Any CPU
		{7246620E-4A51-4D1B-9EBC-98B93C8CC757}.Release|Any CPU.ActiveCfg = Release|Any CPU
		{7246620E-4A51-4D1B-9EBC-98B93C8CC757}.Release|Any CPU.Build.0 = Release|Any CPU
	EndGlobalSection
	GlobalSection(SolutionProperties) = preSolution
		HideSolutionNode = FALSE
	EndGlobalSection
	GlobalSection(ExtensibilityGlobals) = postSolution
		SolutionGuid = {CFAA427F-06BF-47A6-ADA5-DA7D05483D63}
	EndGlobalSection
EndGlobal
